
Microsoft Visual Studio Solution File, Format Version 12.00
# Visual Studio Version 16
VisualStudioVersion = 16.0.31205.134
MinimumVisualStudioVersion = 10.0.40219.1
Project("{FAE04EC0-301F-11D3-BF4B-00C04F79EFBC}") = "RussianRobotics.PriceImport", "RussianRobotics.PriceImport\RussianRobotics.PriceImport.csproj", "{A318C1A6-3BBD-4846-8A61-3E7476234FBF}"
EndProject
Global
	GlobalSection(SolutionConfigurationPlatforms) = preSolution
		Debug|Any CPU = Debug|Any CPU
		Release|Any CPU = Release|Any CPU
	EndGlobalSection
	GlobalSection(ProjectConfigurationPlatforms) = postSolution
		{A318C1A6-3BBD-4846-8A61-3E7476234FBF}.Debug|Any CPU.ActiveCfg = Debug|Any CPU
		{A318C1A6-3BBD-4846-8A61-3E7476234FBF}.Debug|Any CPU.Build.0 = Debug|Any CPU
		{A318C1A6-3BBD-4846-8A61-3E7476234FBF}.Release|Any CPU.ActiveCfg = Release|Any CPU
		{A318C1A6-3BBD-4846-8A61-3E7476234FBF}.Release|Any CPU.Build.0 = Release|Any CPU
	EndGlobalSection
	GlobalSection(SolutionProperties) = preSolution
		HideSolutionNode = FALSE
	EndGlobalSection
	GlobalSection(ExtensibilityGlobals) = postSolution
		SolutionGuid = {C390D984-DD23-432C-998D-67494AC13358}
	EndGlobalSection
EndGlobal
